{
  "version": 4,
  "terraform_version": "1.0.2",
  "serial": 25,
  "lineage": "5473176b-4a60-bc31-3c35-9f0d78d75c7e",
  "outputs": {},
  "resources": [
    {
      "mode": "managed",
      "type": "azurerm_availability_set",
      "name": "main",
      "provider": "provider[\"registry.terraform.io/hashicorp/azurerm\"]",
      "instances": [
        {
          "schema_version": 0,
          "attributes": {
            "id": "/subscriptions/c28ed0f0-cbce-41fa-9cfa-f14da67960ac/resourceGroups/udacity-rg/providers/Microsoft.Compute/availabilitySets/udacity-aset",
            "location": "eastus",
            "managed": true,
            "name": "udacity-aset",
            "platform_fault_domain_count": 2,
            "platform_update_domain_count": 5,
            "proximity_placement_group_id": null,
            "resource_group_name": "udacity-rg",
            "tags": {
              "environment": "test"
            },
            "timeouts": null
          },
          "sensitive_attributes": [],
          "private": "eyJlMmJmYjczMC1lY2FhLTExZTYtOGY4OC0zNDM2M2JjN2M0YzAiOnsiY3JlYXRlIjoxODAwMDAwMDAwMDAwLCJkZWxldGUiOjE4MDAwMDAwMDAwMDAsInJlYWQiOjMwMDAwMDAwMDAwMCwidXBkYXRlIjoxODAwMDAwMDAwMDAwfX0=",
          "dependencies": [
            "azurerm_resource_group.main"
          ]
        }
      ]
    },
    {
      "mode": "managed",
      "type": "azurerm_lb",
      "name": "main",
      "provider": "provider[\"registry.terraform.io/hashicorp/azurerm\"]",
      "instances": [
        {
          "schema_version": 0,
          "attributes": {
            "frontend_ip_configuration": [
              {
                "availability_zone": "No-Zone",
                "id": "/subscriptions/c28ed0f0-cbce-41fa-9cfa-f14da67960ac/resourceGroups/udacity-rg/providers/Microsoft.Network/loadBalancers/udacity-lb/frontendIPConfigurations/PublicIPAddress",
                "inbound_nat_rules": [],
                "load_balancer_rules": [],
                "name": "PublicIPAddress",
                "outbound_rules": [],
                "private_ip_address": "",
                "private_ip_address_allocation": "Dynamic",
                "private_ip_address_version": "",
                "public_ip_address_id": "/subscriptions/c28ed0f0-cbce-41fa-9cfa-f14da67960ac/resourceGroups/udacity-rg/providers/Microsoft.Network/publicIPAddresses/udacity-publicIp",
                "public_ip_prefix_id": "",
                "subnet_id": "",
                "zones": []
              }
            ],
            "id": "/subscriptions/c28ed0f0-cbce-41fa-9cfa-f14da67960ac/resourceGroups/udacity-rg/providers/Microsoft.Network/loadBalancers/udacity-lb",
            "location": "eastus",
            "name": "udacity-lb",
            "private_ip_address": "",
            "private_ip_addresses": [],
            "resource_group_name": "udacity-rg",
            "sku": "Basic",
            "tags": {
              "environment": "test"
            },
            "timeouts": null
          },
          "sensitive_attributes": [],
          "private": "eyJlMmJmYjczMC1lY2FhLTExZTYtOGY4OC0zNDM2M2JjN2M0YzAiOnsiY3JlYXRlIjoxODAwMDAwMDAwMDAwLCJkZWxldGUiOjE4MDAwMDAwMDAwMDAsInJlYWQiOjMwMDAwMDAwMDAwMCwidXBkYXRlIjoxODAwMDAwMDAwMDAwfX0=",
          "dependencies": [
            "azurerm_public_ip.main",
            "azurerm_resource_group.main"
          ]
        }
      ]
    },
    {
      "mode": "managed",
      "type": "azurerm_lb_backend_address_pool",
      "name": "main",
      "provider": "provider[\"registry.terraform.io/hashicorp/azurerm\"]",
      "instances": [
        {
          "schema_version": 0,
          "attributes": {
            "backend_address": [],
            "backend_ip_configurations": [
              "/subscriptions/c28ed0f0-cbce-41fa-9cfa-f14da67960ac/resourceGroups/udacity-rg/providers/Microsoft.Network/networkInterfaces/udacity-nic-uat/ipConfigurations/testConfiguration",
              "/subscriptions/c28ed0f0-cbce-41fa-9cfa-f14da67960ac/resourceGroups/udacity-rg/providers/Microsoft.Network/networkInterfaces/udacity-nic-int/ipConfigurations/testConfiguration"
            ],
            "id": "/subscriptions/c28ed0f0-cbce-41fa-9cfa-f14da67960ac/resourceGroups/udacity-rg/providers/Microsoft.Network/loadBalancers/udacity-lb/backendAddressPools/BackEndAddressPool",
            "load_balancing_rules": [],
            "loadbalancer_id": "/subscriptions/c28ed0f0-cbce-41fa-9cfa-f14da67960ac/resourceGroups/udacity-rg/providers/Microsoft.Network/loadBalancers/udacity-lb",
            "name": "BackEndAddressPool",
            "outbound_rules": [],
            "resource_group_name": "udacity-rg",
            "timeouts": null
          },
          "sensitive_attributes": [],
          "private": "eyJlMmJmYjczMC1lY2FhLTExZTYtOGY4OC0zNDM2M2JjN2M0YzAiOnsiY3JlYXRlIjoxODAwMDAwMDAwMDAwLCJkZWxldGUiOjE4MDAwMDAwMDAwMDAsInJlYWQiOjMwMDAwMDAwMDAwMCwidXBkYXRlIjoxODAwMDAwMDAwMDAwfX0=",
          "dependencies": [
            "azurerm_lb.main",
            "azurerm_public_ip.main",
            "azurerm_resource_group.main"
          ]
        }
      ]
    },
    {
      "mode": "managed",
      "type": "azurerm_linux_virtual_machine",
      "name": "main",
      "provider": "provider[\"registry.terraform.io/hashicorp/azurerm\"]",
      "instances": [
        {
          "index_key": 0,
          "schema_version": 0,
          "attributes": {
            "additional_capabilities": [],
            "admin_password": "Pa$$word1",
            "admin_ssh_key": [],
            "admin_username": "username",
            "allow_extension_operations": true,
            "availability_set_id": "/subscriptions/c28ed0f0-cbce-41fa-9cfa-f14da67960ac/resourceGroups/udacity-rg/providers/Microsoft.Compute/availabilitySets/UDACITY-ASET",
            "boot_diagnostics": [],
            "computer_name": "udacity-vm-uat",
            "custom_data": null,
            "dedicated_host_id": "",
            "disable_password_authentication": false,
            "encryption_at_host_enabled": false,
            "eviction_policy": "",
            "extensions_time_budget": "PT1H30M",
            "id": "/subscriptions/c28ed0f0-cbce-41fa-9cfa-f14da67960ac/resourceGroups/udacity-rg/providers/Microsoft.Compute/virtualMachines/udacity-vm-uat",
            "identity": [],
            "license_type": "",
            "location": "eastus",
            "max_bid_price": -1,
            "name": "udacity-vm-uat",
            "network_interface_ids": [
              "/subscriptions/c28ed0f0-cbce-41fa-9cfa-f14da67960ac/resourceGroups/udacity-rg/providers/Microsoft.Network/networkInterfaces/udacity-nic-uat"
            ],
            "os_disk": [
              {
                "caching": "ReadWrite",
                "diff_disk_settings": [],
                "disk_encryption_set_id": "",
                "disk_size_gb": 30,
                "name": "udacity-vm-uat_disk1_5aba8a2a4bd14281a0644d49fb1e1611",
                "storage_account_type": "Standard_LRS",
                "write_accelerator_enabled": false
              }
            ],
            "plan": [],
            "platform_fault_domain": -1,
            "priority": "Regular",
            "private_ip_address": "10.0.0.5",
            "private_ip_addresses": [
              "10.0.0.5"
            ],
            "provision_vm_agent": true,
            "proximity_placement_group_id": "",
            "public_ip_address": "",
            "public_ip_addresses": [],
            "resource_group_name": "udacity-rg",
            "secret": [],
            "size": "Standard_D2s_v3",
            "source_image_id": "/subscriptions/c28ed0f0-cbce-41fa-9cfa-f14da67960ac/resourceGroups/udacity/providers/Microsoft.Compute/images/PackerImage",
            "source_image_reference": [],
            "tags": {
              "environment": "test",
              "name": "uat"
            },
            "timeouts": null,
            "virtual_machine_id": "089120b4-e4d7-4c5e-8bb5-588d93d07979",
            "virtual_machine_scale_set_id": "",
            "zone": ""
          },
          "sensitive_attributes": [],
          "private": "eyJlMmJmYjczMC1lY2FhLTExZTYtOGY4OC0zNDM2M2JjN2M0YzAiOnsiY3JlYXRlIjoyNzAwMDAwMDAwMDAwLCJkZWxldGUiOjI3MDAwMDAwMDAwMDAsInJlYWQiOjMwMDAwMDAwMDAwMCwidXBkYXRlIjoyNzAwMDAwMDAwMDAwfX0=",
          "dependencies": [
            "azurerm_availability_set.main",
            "azurerm_network_interface.main",
            "azurerm_resource_group.main"
          ]
        },
        {
          "index_key": 1,
          "schema_version": 0,
          "attributes": {
            "additional_capabilities": [],
            "admin_password": "Pa$$word1",
            "admin_ssh_key": [],
            "admin_username": "username",
            "allow_extension_operations": true,
            "availability_set_id": "/subscriptions/c28ed0f0-cbce-41fa-9cfa-f14da67960ac/resourceGroups/udacity-rg/providers/Microsoft.Compute/availabilitySets/UDACITY-ASET",
            "boot_diagnostics": [],
            "computer_name": "udacity-vm-int",
            "custom_data": null,
            "dedicated_host_id": "",
            "disable_password_authentication": false,
            "encryption_at_host_enabled": false,
            "eviction_policy": "",
            "extensions_time_budget": "PT1H30M",
            "id": "/subscriptions/c28ed0f0-cbce-41fa-9cfa-f14da67960ac/resourceGroups/udacity-rg/providers/Microsoft.Compute/virtualMachines/udacity-vm-int",
            "identity": [],
            "license_type": "",
            "location": "eastus",
            "max_bid_price": -1,
            "name": "udacity-vm-int",
            "network_interface_ids": [
              "/subscriptions/c28ed0f0-cbce-41fa-9cfa-f14da67960ac/resourceGroups/udacity-rg/providers/Microsoft.Network/networkInterfaces/udacity-nic-int"
            ],
            "os_disk": [
              {
                "caching": "ReadWrite",
                "diff_disk_settings": [],
                "disk_encryption_set_id": "",
                "disk_size_gb": 30,
                "name": "udacity-vm-int_disk1_c169395f73e14effa06d2b9bec2a7174",
                "storage_account_type": "Standard_LRS",
                "write_accelerator_enabled": false
              }
            ],
            "plan": [],
            "platform_fault_domain": -1,
            "priority": "Regular",
            "private_ip_address": "10.0.0.4",
            "private_ip_addresses": [
              "10.0.0.4"
            ],
            "provision_vm_agent": true,
            "proximity_placement_group_id": "",
            "public_ip_address": "",
            "public_ip_addresses": [],
            "resource_group_name": "udacity-rg",
            "secret": [],
            "size": "Standard_D2s_v3",
            "source_image_id": "/subscriptions/c28ed0f0-cbce-41fa-9cfa-f14da67960ac/resourceGroups/udacity/providers/Microsoft.Compute/images/PackerImage",
            "source_image_reference": [],
            "tags": {
              "environment": "test",
              "name": "int"
            },
            "timeouts": null,
            "virtual_machine_id": "2b6ae6c1-25fd-4d89-9656-be9fb18a4bf6",
            "virtual_machine_scale_set_id": "",
            "zone": ""
          },
          "sensitive_attributes": [],
          "private": "eyJlMmJmYjczMC1lY2FhLTExZTYtOGY4OC0zNDM2M2JjN2M0YzAiOnsiY3JlYXRlIjoyNzAwMDAwMDAwMDAwLCJkZWxldGUiOjI3MDAwMDAwMDAwMDAsInJlYWQiOjMwMDAwMDAwMDAwMCwidXBkYXRlIjoyNzAwMDAwMDAwMDAwfX0=",
          "dependencies": [
            "azurerm_availability_set.main",
            "azurerm_network_interface.main",
            "azurerm_resource_group.main"
          ]
        }
      ]
    },
    {
      "mode": "managed",
      "type": "azurerm_managed_disk",
      "name": "main",
      "provider": "provider[\"registry.terraform.io/hashicorp/azurerm\"]",
      "instances": [
        {
          "schema_version": 0,
          "attributes": {
            "create_option": "Empty",
            "disk_access_id": "",
            "disk_encryption_set_id": "",
            "disk_iops_read_write": 500,
            "disk_mbps_read_write": 60,
            "disk_size_gb": 1,
            "encryption_settings": [],
            "id": "/subscriptions/c28ed0f0-cbce-41fa-9cfa-f14da67960ac/resourceGroups/udacity-rg/providers/Microsoft.Compute/disks/udacity-md",
            "image_reference_id": "",
            "location": "eastus",
            "name": "udacity-md",
            "network_access_policy": null,
            "os_type": "",
            "resource_group_name": "udacity-rg",
            "source_resource_id": "",
            "source_uri": "",
            "storage_account_id": "",
            "storage_account_type": "Standard_LRS",
            "tags": {
              "environment": "test"
            },
            "tier": "",
            "timeouts": null,
            "zones": []
          },
          "sensitive_attributes": [],
          "private": "eyJlMmJmYjczMC1lY2FhLTExZTYtOGY4OC0zNDM2M2JjN2M0YzAiOnsiY3JlYXRlIjoxODAwMDAwMDAwMDAwLCJkZWxldGUiOjE4MDAwMDAwMDAwMDAsInJlYWQiOjMwMDAwMDAwMDAwMCwidXBkYXRlIjoxODAwMDAwMDAwMDAwfX0=",
          "dependencies": [
            "azurerm_resource_group.main"
          ]
        }
      ]
    },
    {
      "mode": "managed",
      "type": "azurerm_network_interface",
      "name": "main",
      "provider": "provider[\"registry.terraform.io/hashicorp/azurerm\"]",
      "instances": [
        {
          "index_key": 0,
          "schema_version": 0,
          "attributes": {
            "applied_dns_servers": [],
            "dns_servers": [],
            "enable_accelerated_networking": false,
            "enable_ip_forwarding": false,
            "id": "/subscriptions/c28ed0f0-cbce-41fa-9cfa-f14da67960ac/resourceGroups/udacity-rg/providers/Microsoft.Network/networkInterfaces/udacity-nic-uat",
            "internal_dns_name_label": "",
            "internal_domain_name_suffix": "qt2wsuqtdpwebpsduclgf5h5td.bx.internal.cloudapp.net",
            "ip_configuration": [
              {
                "name": "testConfiguration",
                "primary": true,
                "private_ip_address": "10.0.0.5",
                "private_ip_address_allocation": "Dynamic",
                "private_ip_address_version": "IPv4",
                "public_ip_address_id": "",
                "subnet_id": "/subscriptions/c28ed0f0-cbce-41fa-9cfa-f14da67960ac/resourceGroups/udacity-rg/providers/Microsoft.Network/virtualNetworks/udacity-network/subnets/udacity-subnet"
              }
            ],
            "location": "eastus",
            "mac_address": "",
            "name": "udacity-nic-uat",
            "private_ip_address": "10.0.0.5",
            "private_ip_addresses": [
              "10.0.0.5"
            ],
            "resource_group_name": "udacity-rg",
            "tags": {
              "environment": "test"
            },
            "timeouts": null,
            "virtual_machine_id": ""
          },
          "sensitive_attributes": [],
          "private": "eyJlMmJmYjczMC1lY2FhLTExZTYtOGY4OC0zNDM2M2JjN2M0YzAiOnsiY3JlYXRlIjoxODAwMDAwMDAwMDAwLCJkZWxldGUiOjE4MDAwMDAwMDAwMDAsInJlYWQiOjMwMDAwMDAwMDAwMCwidXBkYXRlIjoxODAwMDAwMDAwMDAwfX0=",
          "dependencies": [
            "azurerm_resource_group.main",
            "azurerm_subnet.main",
            "azurerm_virtual_network.main"
          ]
        },
        {
          "index_key": 1,
          "schema_version": 0,
          "attributes": {
            "applied_dns_servers": [],
            "dns_servers": [],
            "enable_accelerated_networking": false,
            "enable_ip_forwarding": false,
            "id": "/subscriptions/c28ed0f0-cbce-41fa-9cfa-f14da67960ac/resourceGroups/udacity-rg/providers/Microsoft.Network/networkInterfaces/udacity-nic-int",
            "internal_dns_name_label": "",
            "internal_domain_name_suffix": "qt2wsuqtdpwebpsduclgf5h5td.bx.internal.cloudapp.net",
            "ip_configuration": [
              {
                "name": "testConfiguration",
                "primary": true,
                "private_ip_address": "10.0.0.4",
                "private_ip_address_allocation": "Dynamic",
                "private_ip_address_version": "IPv4",
                "public_ip_address_id": "",
                "subnet_id": "/subscriptions/c28ed0f0-cbce-41fa-9cfa-f14da67960ac/resourceGroups/udacity-rg/providers/Microsoft.Network/virtualNetworks/udacity-network/subnets/udacity-subnet"
              }
            ],
            "location": "eastus",
            "mac_address": "",
            "name": "udacity-nic-int",
            "private_ip_address": "10.0.0.4",
            "private_ip_addresses": [
              "10.0.0.4"
            ],
            "resource_group_name": "udacity-rg",
            "tags": {
              "environment": "test"
            },
            "timeouts": null,
            "virtual_machine_id": ""
          },
          "sensitive_attributes": [],
          "private": "eyJlMmJmYjczMC1lY2FhLTExZTYtOGY4OC0zNDM2M2JjN2M0YzAiOnsiY3JlYXRlIjoxODAwMDAwMDAwMDAwLCJkZWxldGUiOjE4MDAwMDAwMDAwMDAsInJlYWQiOjMwMDAwMDAwMDAwMCwidXBkYXRlIjoxODAwMDAwMDAwMDAwfX0=",
          "dependencies": [
            "azurerm_resource_group.main",
            "azurerm_subnet.main",
            "azurerm_virtual_network.main"
          ]
        }
      ]
    },
    {
      "mode": "managed",
      "type": "azurerm_network_interface_backend_address_pool_association",
      "name": "main",
      "provider": "provider[\"registry.terraform.io/hashicorp/azurerm\"]",
      "instances": [
        {
          "index_key": 0,
          "schema_version": 0,
          "attributes": {
            "backend_address_pool_id": "/subscriptions/c28ed0f0-cbce-41fa-9cfa-f14da67960ac/resourceGroups/udacity-rg/providers/Microsoft.Network/loadBalancers/udacity-lb/backendAddressPools/BackEndAddressPool",
            "id": "/subscriptions/c28ed0f0-cbce-41fa-9cfa-f14da67960ac/resourceGroups/udacity-rg/providers/Microsoft.Network/networkInterfaces/udacity-nic-uat/ipConfigurations/testConfiguration|/subscriptions/c28ed0f0-cbce-41fa-9cfa-f14da67960ac/resourceGroups/udacity-rg/providers/Microsoft.Network/loadBalancers/udacity-lb/backendAddressPools/BackEndAddressPool",
            "ip_configuration_name": "testConfiguration",
            "network_interface_id": "/subscriptions/c28ed0f0-cbce-41fa-9cfa-f14da67960ac/resourceGroups/udacity-rg/providers/Microsoft.Network/networkInterfaces/udacity-nic-uat",
            "timeouts": null
          },
          "sensitive_attributes": [],
          "private": "eyJlMmJmYjczMC1lY2FhLTExZTYtOGY4OC0zNDM2M2JjN2M0YzAiOnsiY3JlYXRlIjoxODAwMDAwMDAwMDAwLCJkZWxldGUiOjE4MDAwMDAwMDAwMDAsInJlYWQiOjMwMDAwMDAwMDAwMCwidXBkYXRlIjoxODAwMDAwMDAwMDAwfX0=",
          "dependencies": [
            "azurerm_lb.main",
            "azurerm_lb_backend_address_pool.main",
            "azurerm_network_interface.main",
            "azurerm_public_ip.main",
            "azurerm_resource_group.main",
            "azurerm_subnet.main",
            "azurerm_virtual_network.main"
          ]
        },
        {
          "index_key": 1,
          "schema_version": 0,
          "attributes": {
            "backend_address_pool_id": "/subscriptions/c28ed0f0-cbce-41fa-9cfa-f14da67960ac/resourceGroups/udacity-rg/providers/Microsoft.Network/loadBalancers/udacity-lb/backendAddressPools/BackEndAddressPool",
            "id": "/subscriptions/c28ed0f0-cbce-41fa-9cfa-f14da67960ac/resourceGroups/udacity-rg/providers/Microsoft.Network/networkInterfaces/udacity-nic-int/ipConfigurations/testConfiguration|/subscriptions/c28ed0f0-cbce-41fa-9cfa-f14da67960ac/resourceGroups/udacity-rg/providers/Microsoft.Network/loadBalancers/udacity-lb/backendAddressPools/BackEndAddressPool",
            "ip_configuration_name": "testConfiguration",
            "network_interface_id": "/subscriptions/c28ed0f0-cbce-41fa-9cfa-f14da67960ac/resourceGroups/udacity-rg/providers/Microsoft.Network/networkInterfaces/udacity-nic-int",
            "timeouts": null
          },
          "sensitive_attributes": [],
          "private": "eyJlMmJmYjczMC1lY2FhLTExZTYtOGY4OC0zNDM2M2JjN2M0YzAiOnsiY3JlYXRlIjoxODAwMDAwMDAwMDAwLCJkZWxldGUiOjE4MDAwMDAwMDAwMDAsInJlYWQiOjMwMDAwMDAwMDAwMCwidXBkYXRlIjoxODAwMDAwMDAwMDAwfX0=",
          "dependencies": [
            "azurerm_network_interface.main",
            "azurerm_public_ip.main",
            "azurerm_resource_group.main",
            "azurerm_subnet.main",
            "azurerm_virtual_network.main",
            "azurerm_lb.main",
            "azurerm_lb_backend_address_pool.main"
          ]
        }
      ]
    },
    {
      "mode": "managed",
      "type": "azurerm_network_security_group",
      "name": "main",
      "provider": "provider[\"registry.terraform.io/hashicorp/azurerm\"]",
      "instances": [
        {
          "schema_version": 0,
          "attributes": {
            "id": "/subscriptions/c28ed0f0-cbce-41fa-9cfa-f14da67960ac/resourceGroups/udacity-rg/providers/Microsoft.Network/networkSecurityGroups/udacity-nsg",
            "location": "eastus",
            "name": "udacity-nsg",
            "resource_group_name": "udacity-rg",
            "security_rule": [
              {
                "access": "Allow",
                "description": "Allow access to other VMs on the subnet",
                "destination_address_prefix": "VirtualNetwork",
                "destination_address_prefixes": [],
                "destination_application_security_group_ids": [],
                "destination_port_range": "*",
                "destination_port_ranges": [],
                "direction": "Inbound",
                "name": "AllowVnetInBound",
                "priority": 101,
                "protocol": "*",
                "source_address_prefix": "VirtualNetwork",
                "source_address_prefixes": [],
                "source_application_security_group_ids": [],
                "source_port_range": "*",
                "source_port_ranges": []
              },
              {
                "access": "Deny",
                "description": "Deny all inbound traffic outside of the vnet from the Internet",
                "destination_address_prefix": "VirtualNetwork",
                "destination_address_prefixes": [],
                "destination_application_security_group_ids": [],
                "destination_port_range": "*",
                "destination_port_ranges": [],
                "direction": "Inbound",
                "name": "DenyInternetInBound",
                "priority": 100,
                "protocol": "*",
                "source_address_prefix": "Internet",
                "source_address_prefixes": [],
                "source_application_security_group_ids": [],
                "source_port_range": "*",
                "source_port_ranges": []
              }
            ],
            "tags": {
              "environment": "test"
            },
            "timeouts": null
          },
          "sensitive_attributes": [],
          "private": "eyJlMmJmYjczMC1lY2FhLTExZTYtOGY4OC0zNDM2M2JjN2M0YzAiOnsiY3JlYXRlIjoxODAwMDAwMDAwMDAwLCJkZWxldGUiOjE4MDAwMDAwMDAwMDAsInJlYWQiOjMwMDAwMDAwMDAwMCwidXBkYXRlIjoxODAwMDAwMDAwMDAwfX0=",
          "dependencies": [
            "azurerm_resource_group.main"
          ]
        }
      ]
    },
    {
      "mode": "managed",
      "type": "azurerm_public_ip",
      "name": "main",
      "provider": "provider[\"registry.terraform.io/hashicorp/azurerm\"]",
      "instances": [
        {
          "schema_version": 0,
          "attributes": {
            "allocation_method": "Static",
            "availability_zone": "No-Zone",
            "domain_name_label": null,
            "fqdn": null,
            "id": "/subscriptions/c28ed0f0-cbce-41fa-9cfa-f14da67960ac/resourceGroups/udacity-rg/providers/Microsoft.Network/publicIPAddresses/udacity-publicIp",
            "idle_timeout_in_minutes": 4,
            "ip_address": "13.90.27.106",
            "ip_tags": {},
            "ip_version": "IPv4",
            "location": "eastus",
            "name": "udacity-publicIp",
            "public_ip_prefix_id": null,
            "resource_group_name": "udacity-rg",
            "reverse_fqdn": null,
            "sku": "Basic",
            "tags": {
              "environment": "test"
            },
            "timeouts": null,
            "zones": []
          },
          "sensitive_attributes": [],
          "private": "eyJlMmJmYjczMC1lY2FhLTExZTYtOGY4OC0zNDM2M2JjN2M0YzAiOnsiY3JlYXRlIjoxODAwMDAwMDAwMDAwLCJkZWxldGUiOjE4MDAwMDAwMDAwMDAsInJlYWQiOjMwMDAwMDAwMDAwMCwidXBkYXRlIjoxODAwMDAwMDAwMDAwfX0=",
          "dependencies": [
            "azurerm_resource_group.main"
          ]
        }
      ]
    },
    {
      "mode": "managed",
      "type": "azurerm_resource_group",
      "name": "main",
      "provider": "provider[\"registry.terraform.io/hashicorp/azurerm\"]",
      "instances": [
        {
          "schema_version": 0,
          "attributes": {
            "id": "/subscriptions/c28ed0f0-cbce-41fa-9cfa-f14da67960ac/resourceGroups/udacity-rg",
            "location": "eastus",
            "name": "udacity-rg",
            "tags": {},
            "timeouts": null
          },
          "sensitive_attributes": [],
          "private": "eyJlMmJmYjczMC1lY2FhLTExZTYtOGY4OC0zNDM2M2JjN2M0YzAiOnsiY3JlYXRlIjo1NDAwMDAwMDAwMDAwLCJkZWxldGUiOjU0MDAwMDAwMDAwMDAsInJlYWQiOjMwMDAwMDAwMDAwMCwidXBkYXRlIjo1NDAwMDAwMDAwMDAwfX0="
        }
      ]
    },
    {
      "mode": "managed",
      "type": "azurerm_subnet",
      "name": "main",
      "provider": "provider[\"registry.terraform.io/hashicorp/azurerm\"]",
      "instances": [
        {
          "schema_version": 0,
          "attributes": {
            "address_prefix": "10.0.0.0/24",
            "address_prefixes": [
              "10.0.0.0/24"
            ],
            "delegation": [],
            "enforce_private_link_endpoint_network_policies": false,
            "enforce_private_link_service_network_policies": false,
            "id": "/subscriptions/c28ed0f0-cbce-41fa-9cfa-f14da67960ac/resourceGroups/udacity-rg/providers/Microsoft.Network/virtualNetworks/udacity-network/subnets/udacity-subnet",
            "name": "udacity-subnet",
            "resource_group_name": "udacity-rg",
            "service_endpoint_policy_ids": [],
            "service_endpoints": [],
            "timeouts": null,
            "virtual_network_name": "udacity-network"
          },
          "sensitive_attributes": [],
          "private": "eyJlMmJmYjczMC1lY2FhLTExZTYtOGY4OC0zNDM2M2JjN2M0YzAiOnsiY3JlYXRlIjoxODAwMDAwMDAwMDAwLCJkZWxldGUiOjE4MDAwMDAwMDAwMDAsInJlYWQiOjMwMDAwMDAwMDAwMCwidXBkYXRlIjoxODAwMDAwMDAwMDAwfX0=",
          "dependencies": [
            "azurerm_resource_group.main",
            "azurerm_virtual_network.main"
          ]
        }
      ]
    },
    {
      "mode": "managed",
      "type": "azurerm_virtual_network",
      "name": "main",
      "provider": "provider[\"registry.terraform.io/hashicorp/azurerm\"]",
      "instances": [
        {
          "schema_version": 0,
          "attributes": {
            "address_space": [
              "10.0.0.0/16"
            ],
            "bgp_community": "",
            "ddos_protection_plan": [],
            "dns_servers": [],
            "guid": "5269f984-1b13-40ec-be43-a09662fcff9b",
            "id": "/subscriptions/c28ed0f0-cbce-41fa-9cfa-f14da67960ac/resourceGroups/udacity-rg/providers/Microsoft.Network/virtualNetworks/udacity-network",
            "location": "eastus",
            "name": "udacity-network",
            "resource_group_name": "udacity-rg",
            "subnet": [
              {
                "address_prefix": "10.0.0.0/24",
                "id": "/subscriptions/c28ed0f0-cbce-41fa-9cfa-f14da67960ac/resourceGroups/udacity-rg/providers/Microsoft.Network/virtualNetworks/udacity-network/subnets/udacity-subnet",
                "name": "udacity-subnet",
                "security_group": ""
              }
            ],
            "tags": {
              "environment": "test"
            },
            "timeouts": null,
            "vm_protection_enabled": false
          },
          "sensitive_attributes": [],
          "private": "eyJlMmJmYjczMC1lY2FhLTExZTYtOGY4OC0zNDM2M2JjN2M0YzAiOnsiY3JlYXRlIjoxODAwMDAwMDAwMDAwLCJkZWxldGUiOjE4MDAwMDAwMDAwMDAsInJlYWQiOjMwMDAwMDAwMDAwMCwidXBkYXRlIjoxODAwMDAwMDAwMDAwfX0=",
          "dependencies": [
            "azurerm_resource_group.main"
          ]
        }
      ]
    }
  ]
}
